
Microsoft Visual Studio Solution File, Format Version 12.00
# Visual Studio 15
VisualStudioVersion = 15.0.28307.136
MinimumVisualStudioVersion = 10.0.40219.1
Project("{FAE04EC0-301F-11D3-BF4B-00C04F79EFBC}") = "AppiumSolution", "AppiumSolution.csproj", "{8B3B34C0-B8E1-46B4-8CE9-D836E7692108}"
EndProject
Global
	GlobalSection(SolutionConfigurationPlatforms) = preSolution
		Debug|Any CPU = Debug|Any CPU
		Release|Any CPU = Release|Any CPU
	EndGlobalSection
	GlobalSection(ProjectConfigurationPlatforms) = postSolution
		{8B3B34C0-B8E1-46B4-8CE9-D836E7692108}.Debug|Any CPU.ActiveCfg = Debug|Any CPU
		{8B3B34C0-B8E1-46B4-8CE9-D836E7692108}.Debug|Any CPU.Build.0 = Debug|Any CPU
		{8B3B34C0-B8E1-46B4-8CE9-D836E7692108}.Release|Any CPU.ActiveCfg = Release|Any CPU
		{8B3B34C0-B8E1-46B4-8CE9-D836E7692108}.Release|Any CPU.Build.0 = Release|Any CPU
	EndGlobalSection
	GlobalSection(SolutionProperties) = preSolution
		HideSolutionNode = FALSE
	EndGlobalSection
	GlobalSection(ExtensibilityGlobals) = postSolution
		SolutionGuid = {2F3D1633-181A-4CA2-A2F5-A3F1A3F7AC1C}
	EndGlobalSection
EndGlobal
